
Microsoft Visual Studio Solution File, Format Version 12.00
# Visual Studio Version 17
VisualStudioVersion = 17.5.33530.505
MinimumVisualStudioVersion = 10.0.40219.1
Project("{FAE04EC0-301F-11D3-BF4B-00C04F79EFBC}") = "FigureSquareApp", "FigureSquareApp\FigureSquareApp.csproj", "{1A57CCB2-6EA8-45BA-90E5-7EB63ABE6609}"
EndProject
Global
	GlobalSection(SolutionConfigurationPlatforms) = preSolution
		Debug|Any CPU = Debug|Any CPU
		Release|Any CPU = Release|Any CPU
	EndGlobalSection
	GlobalSection(ProjectConfigurationPlatforms) = postSolution
		{1A57CCB2-6EA8-45BA-90E5-7EB63ABE6609}.Debug|Any CPU.ActiveCfg = Debug|Any CPU
		{1A57CCB2-6EA8-45BA-90E5-7EB63ABE6609}.Debug|Any CPU.Build.0 = Debug|Any CPU
		{1A57CCB2-6EA8-45BA-90E5-7EB63ABE6609}.Release|Any CPU.ActiveCfg = Release|Any CPU
		{1A57CCB2-6EA8-45BA-90E5-7EB63ABE6609}.Release|Any CPU.Build.0 = Release|Any CPU
	EndGlobalSection
	GlobalSection(SolutionProperties) = preSolution
		HideSolutionNode = FALSE
	EndGlobalSection
	GlobalSection(ExtensibilityGlobals) = postSolution
		SolutionGuid = {8CF920A3-E57E-4141-ADED-FF8B97377EFD}
	EndGlobalSection
EndGlobal
